
Microsoft Visual Studio Solution File, Format Version 12.00
Project("{FAE04EC0-301F-11D3-BF4B-00C04F79EFBC}") = "Car Maintenance", "Car Maintenance\Car Maintenance.csproj", "{3772305C-6964-4CB1-B86A-ABA5BA5773F4}"
EndProject
Global
	GlobalSection(SolutionConfigurationPlatforms) = preSolution
		Debug|Any CPU = Debug|Any CPU
		Release|Any CPU = Release|Any CPU
	EndGlobalSection
	GlobalSection(ProjectConfigurationPlatforms) = postSolution
		{3772305C-6964-4CB1-B86A-ABA5BA5773F4}.Debug|Any CPU.ActiveCfg = Debug|Any CPU
		{3772305C-6964-4CB1-B86A-ABA5BA5773F4}.Debug|Any CPU.Build.0 = Debug|Any CPU
		{3772305C-6964-4CB1-B86A-ABA5BA5773F4}.Release|Any CPU.ActiveCfg = Release|Any CPU
		{3772305C-6964-4CB1-B86A-ABA5BA5773F4}.Release|Any CPU.Build.0 = Release|Any CPU
	EndGlobalSection
EndGlobal
